
Microsoft Visual Studio Solution File, Format Version 12.00
# Visual Studio Version 16
VisualStudioVersion = 16.0.29306.81
MinimumVisualStudioVersion = 10.0.40219.1
Project("{FAE04EC0-301F-11D3-BF4B-00C04F79EFBC}") = "basicCalculator", "basicCalculator\basicCalculator.csproj", "{3AA48B22-C711-4A77-8A65-CF27703B73D0}"
EndProject
Global
	GlobalSection(SolutionConfigurationPlatforms) = preSolution
		Debug|Any CPU = Debug|Any CPU
		Release|Any CPU = Release|Any CPU
	EndGlobalSection
	GlobalSection(ProjectConfigurationPlatforms) = postSolution
		{3AA48B22-C711-4A77-8A65-CF27703B73D0}.Debug|Any CPU.ActiveCfg = Debug|Any CPU
		{3AA48B22-C711-4A77-8A65-CF27703B73D0}.Debug|Any CPU.Build.0 = Debug|Any CPU
		{3AA48B22-C711-4A77-8A65-CF27703B73D0}.Release|Any CPU.ActiveCfg = Release|Any CPU
		{3AA48B22-C711-4A77-8A65-CF27703B73D0}.Release|Any CPU.Build.0 = Release|Any CPU
	EndGlobalSection
	GlobalSection(SolutionProperties) = preSolution
		HideSolutionNode = FALSE
	EndGlobalSection
	GlobalSection(ExtensibilityGlobals) = postSolution
		SolutionGuid = {7BF2B821-E755-4E46-BA0A-DB89E7007EBD}
	EndGlobalSection
EndGlobal
